
Microsoft Visual Studio Solution File, Format Version 12.00
# Visual Studio Version 16
VisualStudioVersion = 16.0.31205.134
MinimumVisualStudioVersion = 10.0.40219.1
Project("{FAE04EC0-301F-11D3-BF4B-00C04F79EFBC}") = "proTheme", "proTheme.csproj", "{5B99F6FC-0A34-40DB-B32F-22E47A3BDD0B}"
EndProject
Global
	GlobalSection(SolutionConfigurationPlatforms) = preSolution
		Debug|Any CPU = Debug|Any CPU
		Release|Any CPU = Release|Any CPU
	EndGlobalSection
	GlobalSection(ProjectConfigurationPlatforms) = postSolution
		{5B99F6FC-0A34-40DB-B32F-22E47A3BDD0B}.Debug|Any CPU.ActiveCfg = Debug|Any CPU
		{5B99F6FC-0A34-40DB-B32F-22E47A3BDD0B}.Debug|Any CPU.Build.0 = Debug|Any CPU
		{5B99F6FC-0A34-40DB-B32F-22E47A3BDD0B}.Release|Any CPU.ActiveCfg = Release|Any CPU
		{5B99F6FC-0A34-40DB-B32F-22E47A3BDD0B}.Release|Any CPU.Build.0 = Release|Any CPU
	EndGlobalSection
	GlobalSection(SolutionProperties) = preSolution
		HideSolutionNode = FALSE
	EndGlobalSection
	GlobalSection(ExtensibilityGlobals) = postSolution
		SolutionGuid = {5B0E9957-EDD8-4427-B4B7-74E429A5664E}
	EndGlobalSection
EndGlobal
